
Microsoft Visual Studio Solution File, Format Version 12.00
# Visual Studio Version 17
VisualStudioVersion = 17.9.34728.123
MinimumVisualStudioVersion = 10.0.40219.1
Project("{9A19103F-16F7-4668-BE54-9A1E7A4F7556}") = "HiveServer", "HiveServer.csproj", "{30DD2BA5-98C3-4C4D-A7EE-1F6AB426A108}"
EndProject
Global
	GlobalSection(SolutionConfigurationPlatforms) = preSolution
		Debug|Any CPU = Debug|Any CPU
		Debug|ARM64 = Debug|ARM64
		Release|Any CPU = Release|Any CPU
		Release|ARM64 = Release|ARM64
	EndGlobalSection
	GlobalSection(ProjectConfigurationPlatforms) = postSolution
		{30DD2BA5-98C3-4C4D-A7EE-1F6AB426A108}.Debug|Any CPU.ActiveCfg = Debug|Any CPU
		{30DD2BA5-98C3-4C4D-A7EE-1F6AB426A108}.Debug|Any CPU.Build.0 = Debug|Any CPU
		{30DD2BA5-98C3-4C4D-A7EE-1F6AB426A108}.Debug|ARM64.ActiveCfg = Debug|ARM64
		{30DD2BA5-98C3-4C4D-A7EE-1F6AB426A108}.Debug|ARM64.Build.0 = Debug|ARM64
		{30DD2BA5-98C3-4C4D-A7EE-1F6AB426A108}.Release|Any CPU.ActiveCfg = Release|Any CPU
		{30DD2BA5-98C3-4C4D-A7EE-1F6AB426A108}.Release|Any CPU.Build.0 = Release|Any CPU
		{30DD2BA5-98C3-4C4D-A7EE-1F6AB426A108}.Release|ARM64.ActiveCfg = Release|ARM64
		{30DD2BA5-98C3-4C4D-A7EE-1F6AB426A108}.Release|ARM64.Build.0 = Release|ARM64
	EndGlobalSection
	GlobalSection(SolutionProperties) = preSolution
		HideSolutionNode = FALSE
	EndGlobalSection
	GlobalSection(ExtensibilityGlobals) = postSolution
		SolutionGuid = {171807EF-6E9D-4E60-9233-66037E693031}
	EndGlobalSection
EndGlobal
