
Microsoft Visual Studio Solution File, Format Version 12.00
# Visual Studio Version 17
VisualStudioVersion = 17.9.34728.123
MinimumVisualStudioVersion = 10.0.40219.1
Project("{FAE04EC0-301F-11D3-BF4B-00C04F79EFBC}") = "Omok", "Omok.csproj", "{91732298-229D-466F-B39D-8B6CFF0D0959}"
EndProject
Global
	GlobalSection(SolutionConfigurationPlatforms) = preSolution
		Debug|Any CPU = Debug|Any CPU
		Release|Any CPU = Release|Any CPU
	EndGlobalSection
	GlobalSection(ProjectConfigurationPlatforms) = postSolution
		{91732298-229D-466F-B39D-8B6CFF0D0959}.Debug|Any CPU.ActiveCfg = Debug|Any CPU
		{91732298-229D-466F-B39D-8B6CFF0D0959}.Debug|Any CPU.Build.0 = Debug|Any CPU
		{91732298-229D-466F-B39D-8B6CFF0D0959}.Release|Any CPU.ActiveCfg = Release|Any CPU
		{91732298-229D-466F-B39D-8B6CFF0D0959}.Release|Any CPU.Build.0 = Release|Any CPU
	EndGlobalSection
	GlobalSection(SolutionProperties) = preSolution
		HideSolutionNode = FALSE
	EndGlobalSection
	GlobalSection(ExtensibilityGlobals) = postSolution
		SolutionGuid = {607C8202-CD2E-4521-BD7C-9B84EF9D10E6}
	EndGlobalSection
EndGlobal
