
Microsoft Visual Studio Solution File, Format Version 12.00
# Visual Studio Version 17
VisualStudioVersion = 17.9.34728.123
MinimumVisualStudioVersion = 10.0.40219.1
Project("{FAE04EC0-301F-11D3-BF4B-00C04F79EFBC}") = "MatchServer", "MatchServer.csproj", "{03B9C151-E508-4A91-911B-55CC452FBE86}"
EndProject
Global
	GlobalSection(SolutionConfigurationPlatforms) = preSolution
		Debug|Any CPU = Debug|Any CPU
		Release|Any CPU = Release|Any CPU
	EndGlobalSection
	GlobalSection(ProjectConfigurationPlatforms) = postSolution
		{03B9C151-E508-4A91-911B-55CC452FBE86}.Debug|Any CPU.ActiveCfg = Debug|Any CPU
		{03B9C151-E508-4A91-911B-55CC452FBE86}.Debug|Any CPU.Build.0 = Debug|Any CPU
		{03B9C151-E508-4A91-911B-55CC452FBE86}.Release|Any CPU.ActiveCfg = Release|Any CPU
		{03B9C151-E508-4A91-911B-55CC452FBE86}.Release|Any CPU.Build.0 = Release|Any CPU
	EndGlobalSection
	GlobalSection(SolutionProperties) = preSolution
		HideSolutionNode = FALSE
	EndGlobalSection
	GlobalSection(ExtensibilityGlobals) = postSolution
		SolutionGuid = {4566F107-397C-478F-B0D7-59BAF49A26C0}
	EndGlobalSection
EndGlobal
